
Microsoft Visual Studio Solution File, Format Version 12.00
# Visual Studio Version 16
VisualStudioVersion = 16.0.30907.101
MinimumVisualStudioVersion = 10.0.40219.1
Project("{FAE04EC0-301F-11D3-BF4B-00C04F79EFBC}") = "final lab task 1", "final lab task 1\final lab task 1.csproj", "{2CA9AC23-35D1-4DC8-9BA2-CFB2EDDD7332}"
EndProject
Global
	GlobalSection(SolutionConfigurationPlatforms) = preSolution
		Debug|Any CPU = Debug|Any CPU
		Release|Any CPU = Release|Any CPU
	EndGlobalSection
	GlobalSection(ProjectConfigurationPlatforms) = postSolution
		{2CA9AC23-35D1-4DC8-9BA2-CFB2EDDD7332}.Debug|Any CPU.ActiveCfg = Debug|Any CPU
		{2CA9AC23-35D1-4DC8-9BA2-CFB2EDDD7332}.Debug|Any CPU.Build.0 = Debug|Any CPU
		{2CA9AC23-35D1-4DC8-9BA2-CFB2EDDD7332}.Release|Any CPU.ActiveCfg = Release|Any CPU
		{2CA9AC23-35D1-4DC8-9BA2-CFB2EDDD7332}.Release|Any CPU.Build.0 = Release|Any CPU
	EndGlobalSection
	GlobalSection(SolutionProperties) = preSolution
		HideSolutionNode = FALSE
	EndGlobalSection
	GlobalSection(ExtensibilityGlobals) = postSolution
		SolutionGuid = {73981403-16EE-4A66-A5BD-106DD1CB4DA5}
	EndGlobalSection
EndGlobal
