
Microsoft Visual Studio Solution File, Format Version 12.00
# Visual Studio Version 16
VisualStudioVersion = 16.0.30907.101
MinimumVisualStudioVersion = 10.0.40219.1
Project("{FAE04EC0-301F-11D3-BF4B-00C04F79EFBC}") = "WindowsFormsApp1", "WindowsFormsApp1\WindowsFormsApp1.csproj", "{C051C89E-3A90-460F-A50F-4E7B7742C55E}"
EndProject
Global
	GlobalSection(SolutionConfigurationPlatforms) = preSolution
		Debug|Any CPU = Debug|Any CPU
		Release|Any CPU = Release|Any CPU
	EndGlobalSection
	GlobalSection(ProjectConfigurationPlatforms) = postSolution
		{C051C89E-3A90-460F-A50F-4E7B7742C55E}.Debug|Any CPU.ActiveCfg = Debug|Any CPU
		{C051C89E-3A90-460F-A50F-4E7B7742C55E}.Debug|Any CPU.Build.0 = Debug|Any CPU
		{C051C89E-3A90-460F-A50F-4E7B7742C55E}.Release|Any CPU.ActiveCfg = Release|Any CPU
		{C051C89E-3A90-460F-A50F-4E7B7742C55E}.Release|Any CPU.Build.0 = Release|Any CPU
	EndGlobalSection
	GlobalSection(SolutionProperties) = preSolution
		HideSolutionNode = FALSE
	EndGlobalSection
	GlobalSection(ExtensibilityGlobals) = postSolution
		SolutionGuid = {3EF362BC-A1E7-4E22-AD37-4C4E8B270274}
	EndGlobalSection
EndGlobal
